// !$*UTF8*$!
{
	archiveVersion = 1;
	classes = {
	};
	objectVersion = 56;
	objects = {

/* Begin PBXBuildFile section */
		992302EC2A5609F500CE0AEF /* DetailTableViewController.swift in Sources */ = {isa = PBXBuildFile; fileRef = 992302EB2A5609F500CE0AEF /* DetailTableViewController.swift */; };
		99530CDB2A549B4000AEB796 /* AppDelegate.swift in Sources */ = {isa = PBXBuildFile; fileRef = 99530CDA2A549B4000AEB796 /* AppDelegate.swift */; };
		99530CDD2A549B4000AEB796 /* SceneDelegate.swift in Sources */ = {isa = PBXBuildFile; fileRef = 99530CDC2A549B4000AEB796 /* SceneDelegate.swift */; };
		99530CE22A549B4000AEB796 /* Main.storyboard in Resources */ = {isa = PBXBuildFile; fileRef = 99530CE02A549B4000AEB796 /* Main.storyboard */; };
		99530CE42A549B4100AEB796 /* Assets.xcassets in Resources */ = {isa = PBXBuildFile; fileRef = 99530CE32A549B4100AEB796 /* Assets.xcassets */; };
		99530CE72A549B4100AEB796 /* LaunchScreen.storyboard in Resources */ = {isa = PBXBuildFile; fileRef = 99530CE52A549B4100AEB796 /* LaunchScreen.storyboard */; };
		99530CF72A54A55B00AEB796 /* characters.plist in Resources */ = {isa = PBXBuildFile; fileRef = 99530CF62A54A55B00AEB796 /* characters.plist */; };
		99530CF92A54AB8000AEB796 /* ModelOfCharacters.swift in Sources */ = {isa = PBXBuildFile; fileRef = 99530CF82A54AB8000AEB796 /* ModelOfCharacters.swift */; };
		99530CFB2A54AE0B00AEB796 /* StorageManager.swift in Sources */ = {isa = PBXBuildFile; fileRef = 99530CFA2A54AE0B00AEB796 /* StorageManager.swift */; };
		99530CFD2A54AE1E00AEB796 /* enums.swift in Sources */ = {isa = PBXBuildFile; fileRef = 99530CFC2A54AE1E00AEB796 /* enums.swift */; };
		99530CFF2A54B09C00AEB796 /* Repo.swift in Sources */ = {isa = PBXBuildFile; fileRef = 99530CFE2A54B09C00AEB796 /* Repo.swift */; };
		99530D012A54BF6C00AEB796 /* CharactersTableViewController.swift in Sources */ = {isa = PBXBuildFile; fileRef = 99530D002A54BF6C00AEB796 /* CharactersTableViewController.swift */; };
/* End PBXBuildFile section */

/* Begin PBXFileReference section */
		992302EB2A5609F500CE0AEF /* DetailTableViewController.swift */ = {isa = PBXFileReference; lastKnownFileType = sourcecode.swift; path = DetailTableViewController.swift; sourceTree = "<group>"; };
		99530CD72A549B4000AEB796 /* HIMYM.app */ = {isa = PBXFileReference; explicitFileType = wrapper.application; includeInIndex = 0; path = HIMYM.app; sourceTree = BUILT_PRODUCTS_DIR; };
		99530CDA2A549B4000AEB796 /* AppDelegate.swift */ = {isa = PBXFileReference; lastKnownFileType = sourcecode.swift; path = AppDelegate.swift; sourceTree = "<group>"; };
		99530CDC2A549B4000AEB796 /* SceneDelegate.swift */ = {isa = PBXFileReference; lastKnownFileType = sourcecode.swift; path = SceneDelegate.swift; sourceTree = "<group>"; };
		99530CE12A549B4000AEB796 /* Base */ = {isa = PBXFileReference; lastKnownFileType = file.storyboard; name = Base; path = Base.lproj/Main.storyboard; sourceTree = "<group>"; };
		99530CE32A549B4100AEB796 /* Assets.xcassets */ = {isa = PBXFileReference; lastKnownFileType = folder.assetcatalog; path = Assets.xcassets; sourceTree = "<group>"; };
		99530CE62A549B4100AEB796 /* Base */ = {isa = PBXFileReference; lastKnownFileType = file.storyboard; name = Base; path = Base.lproj/LaunchScreen.storyboard; sourceTree = "<group>"; };
		99530CE82A549B4100AEB796 /* Info.plist */ = {isa = PBXFileReference; lastKnownFileType = text.plist.xml; path = Info.plist; sourceTree = "<group>"; };
		99530CF62A54A55B00AEB796 /* characters.plist */ = {isa = PBXFileReference; lastKnownFileType = text.plist.xml; name = characters.plist; path = DataSource/characters.plist; sourceTree = "<group>"; };
		99530CF82A54AB8000AEB796 /* ModelOfCharacters.swift */ = {isa = PBXFileReference; lastKnownFileType = sourcecode.swift; path = ModelOfCharacters.swift; sourceTree = "<group>"; };
		99530CFA2A54AE0B00AEB796 /* StorageManager.swift */ = {isa = PBXFileReference; lastKnownFileType = sourcecode.swift; path = StorageManager.swift; sourceTree = "<group>"; };
		99530CFC2A54AE1E00AEB796 /* enums.swift */ = {isa = PBXFileReference; lastKnownFileType = sourcecode.swift; path = enums.swift; sourceTree = "<group>"; };
		99530CFE2A54B09C00AEB796 /* Repo.swift */ = {isa = PBXFileReference; lastKnownFileType = sourcecode.swift; path = Repo.swift; sourceTree = "<group>"; };
		99530D002A54BF6C00AEB796 /* CharactersTableViewController.swift */ = {isa = PBXFileReference; lastKnownFileType = sourcecode.swift; path = CharactersTableViewController.swift; sourceTree = "<group>"; };
/* End PBXFileReference section */

/* Begin PBXFrameworksBuildPhase section */
		99530CD42A549B4000AEB796 /* Frameworks */ = {
			isa = PBXFrameworksBuildPhase;
			buildActionMask = 2147483647;
			files = (
			);
			runOnlyForDeploymentPostprocessing = 0;
		};
/* End PBXFrameworksBuildPhase section */

/* Begin PBXGroup section */
		99530CCE2A549B4000AEB796 = {
			isa = PBXGroup;
			children = (
				99530CD92A549B4000AEB796 /* HIMYM */,
				99530CD82A549B4000AEB796 /* Products */,
			);
			sourceTree = "<group>";
		};
		99530CD82A549B4000AEB796 /* Products */ = {
			isa = PBXGroup;
			children = (
				99530CD72A549B4000AEB796 /* HIMYM.app */,
			);
			name = Products;
			sourceTree = "<group>";
		};
		99530CD92A549B4000AEB796 /* HIMYM */ = {
			isa = PBXGroup;
			children = (
				99530CDA2A549B4000AEB796 /* AppDelegate.swift */,
				99530CDC2A549B4000AEB796 /* SceneDelegate.swift */,
				99530CE02A549B4000AEB796 /* Main.storyboard */,
				992302EB2A5609F500CE0AEF /* DetailTableViewController.swift */,
				99530D002A54BF6C00AEB796 /* CharactersTableViewController.swift */,
				99530CFE2A54B09C00AEB796 /* Repo.swift */,
				99530CFA2A54AE0B00AEB796 /* StorageManager.swift */,
				99530CFC2A54AE1E00AEB796 /* enums.swift */,
				99530CF82A54AB8000AEB796 /* ModelOfCharacters.swift */,
				99530CF62A54A55B00AEB796 /* characters.plist */,
				99530CE32A549B4100AEB796 /* Assets.xcassets */,
				99530CE52A549B4100AEB796 /* LaunchScreen.storyboard */,
				99530CE82A549B4100AEB796 /* Info.plist */,
			);
			path = HIMYM;
			sourceTree = "<group>";
		};
/* End PBXGroup section */

/* Begin PBXNativeTarget section */
		99530CD62A549B4000AEB796 /* HIMYM */ = {
			isa = PBXNativeTarget;
			buildConfigurationList = 99530CEB2A549B4100AEB796 /* Build configuration list for PBXNativeTarget "HIMYM" */;
			buildPhases = (
				99530CD32A549B4000AEB796 /* Sources */,
				99530CD42A549B4000AEB796 /* Frameworks */,
				99530CD52A549B4000AEB796 /* Resources */,
			);
			buildRules = (
			);
			dependencies = (
			);
			name = HIMYM;
			productName = HIMYM;
			productReference = 99530CD72A549B4000AEB796 /* HIMYM.app */;
			productType = "com.apple.product-type.application";
		};
/* End PBXNativeTarget section */

/* Begin PBXProject section */
		99530CCF2A549B4000AEB796 /* Project object */ = {
			isa = PBXProject;
			attributes = {
				BuildIndependentTargetsInParallel = 1;
				LastSwiftUpdateCheck = 1430;
				LastUpgradeCheck = 1430;
				TargetAttributes = {
					99530CD62A549B4000AEB796 = {
						CreatedOnToolsVersion = 14.3;
					};
				};
			};
			buildConfigurationList = 99530CD22A549B4000AEB796 /* Build configuration list for PBXProject "HIMYM" */;
			compatibilityVersion = "Xcode 14.0";
			developmentRegion = en;
			hasScannedForEncodings = 0;
			knownRegions = (
				en,
				Base,
			);
			mainGroup = 99530CCE2A549B4000AEB796;
			productRefGroup = 99530CD82A549B4000AEB796 /* Products */;
			projectDirPath = "";
			projectRoot = "";
			targets = (
				99530CD62A549B4000AEB796 /* HIMYM */,
			);
		};
/* End PBXProject section */

/* Begin PBXResourcesBuildPhase section */
		99530CD52A549B4000AEB796 /* Resources */ = {
			isa = PBXResourcesBuildPhase;
			buildActionMask = 2147483647;
			files = (
				99530CE72A549B4100AEB796 /* LaunchScreen.storyboard in Resources */,
				99530CE42A549B4100AEB796 /* Assets.xcassets in Resources */,
				99530CF72A54A55B00AEB796 /* characters.plist in Resources */,
				99530CE22A549B4000AEB796 /* Main.storyboard in Resources */,
			);
			runOnlyForDeploymentPostprocessing = 0;
		};
/* End PBXResourcesBuildPhase section */

/* Begin PBXSourcesBuildPhase section */
		99530CD32A549B4000AEB796 /* Sources */ = {
			isa = PBXSourcesBuildPhase;
			buildActionMask = 2147483647;
			files = (
				99530CFF2A54B09C00AEB796 /* Repo.swift in Sources */,
				99530CF92A54AB8000AEB796 /* ModelOfCharacters.swift in Sources */,
				99530CDB2A549B4000AEB796 /* AppDelegate.swift in Sources */,
				99530CFB2A54AE0B00AEB796 /* StorageManager.swift in Sources */,
				992302EC2A5609F500CE0AEF /* DetailTableViewController.swift in Sources */,
				99530CDD2A549B4000AEB796 /* SceneDelegate.swift in Sources */,
				99530D012A54BF6C00AEB796 /* CharactersTableViewController.swift in Sources */,
				99530CFD2A54AE1E00AEB796 /* enums.swift in Sources */,
			);
			runOnlyForDeploymentPostprocessing = 0;
		};
/* End PBXSourcesBuildPhase section */

/* Begin PBXVariantGroup section */
		99530CE02A549B4000AEB796 /* Main.storyboard */ = {
			isa = PBXVariantGroup;
			children = (
				99530CE12A549B4000AEB796 /* Base */,
			);
			name = Main.storyboard;
			sourceTree = "<group>";
		};
		99530CE52A549B4100AEB796 /* LaunchScreen.storyboard */ = {
			isa = PBXVariantGroup;
			children = (
				99530CE62A549B4100AEB796 /* Base */,
			);
			name = LaunchScreen.storyboard;
			sourceTree = "<group>";
		};
/* End PBXVariantGroup section */

/* Begin XCBuildConfiguration section */
		99530CE92A549B4100AEB796 /* Debug */ = {
			isa = XCBuildConfiguration;
			buildSettings = {
				ALWAYS_SEARCH_USER_PATHS = NO;
				CLANG_ANALYZER_NONNULL = YES;
				CLANG_ANALYZER_NUMBER_OBJECT_CONVERSION = YES_AGGRESSIVE;
				CLANG_CXX_LANGUAGE_STANDARD = "gnu++20";
				CLANG_ENABLE_MODULES = YES;
				CLANG_ENABLE_OBJC_ARC = YES;
				CLANG_ENABLE_OBJC_WEAK = YES;
				CLANG_WARN_BLOCK_CAPTURE_AUTORELEASING = YES;
				CLANG_WARN_BOOL_CONVERSION = YES;
				CLANG_WARN_COMMA = YES;
				CLANG_WARN_CONSTANT_CONVERSION = YES;
				CLANG_WARN_DEPRECATED_OBJC_IMPLEMENTATIONS = YES;
				CLANG_WARN_DIRECT_OBJC_ISA_USAGE = YES_ERROR;
				CLANG_WARN_DOCUMENTATION_COMMENTS = YES;
				CLANG_WARN_EMPTY_BODY = YES;
				CLANG_WARN_ENUM_CONVERSION = YES;
				CLANG_WARN_INFINITE_RECURSION = YES;
				CLANG_WARN_INT_CONVERSION = YES;
				CLANG_WARN_NON_LITERAL_NULL_CONVERSION = YES;
				CLANG_WARN_OBJC_IMPLICIT_RETAIN_SELF = YES;
				CLANG_WARN_OBJC_LITERAL_CONVERSION = YES;
				CLANG_WARN_OBJC_ROOT_CLASS = YES_ERROR;
				CLANG_WARN_QUOTED_INCLUDE_IN_FRAMEWORK_HEADER = YES;
				CLANG_WARN_RANGE_LOOP_ANALYSIS = YES;
				CLANG_WARN_STRICT_PROTOTYPES = YES;
				CLANG_WARN_SUSPICIOUS_MOVE = YES;
				CLANG_WARN_UNGUARDED_AVAILABILITY = YES_AGGRESSIVE;
				CLANG_WARN_UNREACHABLE_CODE = YES;
				CLANG_WARN__DUPLICATE_METHOD_MATCH = YES;
				COPY_PHASE_STRIP = NO;
				DEBUG_INFORMATION_FORMAT = dwarf;
				ENABLE_STRICT_OBJC_MSGSEND = YES;
				ENABLE_TESTABILITY = YES;
				GCC_C_LANGUAGE_STANDARD = gnu11;
				GCC_DYNAMIC_NO_PIC = NO;
				GCC_NO_COMMON_BLOCKS = YES;
				GCC_OPTIMIZATION_LEVEL = 0;
				GCC_PREPROCESSOR_DEFINITIONS = (
					"DEBUG=1",
					"$(inherited)",
				);
				GCC_WARN_64_TO_32_BIT_CONVERSION = YES;
				GCC_WARN_ABOUT_RETURN_TYPE = YES_ERROR;
				GCC_WARN_UNDECLARED_SELECTOR = YES;
				GCC_WARN_UNINITIALIZED_AUTOS = YES_AGGRESSIVE;
				GCC_WARN_UNUSED_FUNCTION = YES;
				GCC_WARN_UNUSED_VARIABLE = YES;
				IPHONEOS_DEPLOYMENT_TARGET = 16.4;
				MTL_ENABLE_DEBUG_INFO = INCLUDE_SOURCE;
				MTL_FAST_MATH = YES;
				ONLY_ACTIVE_ARCH = YES;
				SDKROOT = iphoneos;
				SWIFT_ACTIVE_COMPILATION_CONDITIONS = DEBUG;
				SWIFT_OPTIMIZATION_LEVEL = "-Onone";
			};
			name = Debug;
		};
		99530CEA2A549B4100AEB796 /* Release */ = {
			isa = XCBuildConfiguration;
			buildSettings = {
				ALWAYS_SEARCH_USER_PATHS = NO;
				CLANG_ANALYZER_NONNULL = YES;
				CLANG_ANALYZER_NUMBER_OBJECT_CONVERSION = YES_AGGRESSIVE;
				CLANG_CXX_LANGUAGE_STANDARD = "gnu++20";
				CLANG_ENABLE_MODULES = YES;
				CLANG_ENABLE_OBJC_ARC = YES;
				CLANG_ENABLE_OBJC_WEAK = YES;
				CLANG_WARN_BLOCK_CAPTURE_AUTORELEASING = YES;
				CLANG_WARN_BOOL_CONVERSION = YES;
				CLANG_WARN_COMMA = YES;
				CLANG_WARN_CONSTANT_CONVERSION = YES;
				CLANG_WARN_DEPRECATED_OBJC_IMPLEMENTATIONS = YES;
				CLANG_WARN_DIRECT_OBJC_ISA_USAGE = YES_ERROR;
				CLANG_WARN_DOCUMENTATION_COMMENTS = YES;
				CLANG_WARN_EMPTY_BODY = YES;
				CLANG_WARN_ENUM_CONVERSION = YES;
				CLANG_WARN_INFINITE_RECURSION = YES;
				CLANG_WARN_INT_CONVERSION = YES;
				CLANG_WARN_NON_LITERAL_NULL_CONVERSION = YES;
				CLANG_WARN_OBJC_IMPLICIT_RETAIN_SELF = YES;
				CLANG_WARN_OBJC_LITERAL_CONVERSION = YES;
				CLANG_WARN_OBJC_ROOT_CLASS = YES_ERROR;
				CLANG_WARN_QUOTED_INCLUDE_IN_FRAMEWORK_HEADER = YES;
				CLANG_WARN_RANGE_LOOP_ANALYSIS = YES;
				CLANG_WARN_STRICT_PROTOTYPES = YES;
				CLANG_WARN_SUSPICIOUS_MOVE = YES;
				CLANG_WARN_UNGUARDED_AVAILABILITY = YES_AGGRESSIVE;
				CLANG_WARN_UNREACHABLE_CODE = YES;
				CLANG_WARN__DUPLICATE_METHOD_MATCH = YES;
				COPY_PHASE_STRIP = NO;
				DEBUG_INFORMATION_FORMAT = "dwarf-with-dsym";
				ENABLE_NS_ASSERTIONS = NO;
				ENABLE_STRICT_OBJC_MSGSEND = YES;
				GCC_C_LANGUAGE_STANDARD = gnu11;
				GCC_NO_COMMON_BLOCKS = YES;
				GCC_WARN_64_TO_32_BIT_CONVERSION = YES;
				GCC_WARN_ABOUT_RETURN_TYPE = YES_ERROR;
				GCC_WARN_UNDECLARED_SELECTOR = YES;
				GCC_WARN_UNINITIALIZED_AUTOS = YES_AGGRESSIVE;
				GCC_WARN_UNUSED_FUNCTION = YES;
				GCC_WARN_UNUSED_VARIABLE = YES;
				IPHONEOS_DEPLOYMENT_TARGET = 16.4;
				MTL_ENABLE_DEBUG_INFO = NO;
				MTL_FAST_MATH = YES;
				SDKROOT = iphoneos;
				SWIFT_COMPILATION_MODE = wholemodule;
				SWIFT_OPTIMIZATION_LEVEL = "-O";
				VALIDATE_PRODUCT = YES;
			};
			name = Release;
		};
		99530CEC2A549B4100AEB796 /* Debug */ = {
			isa = XCBuildConfiguration;
			buildSettings = {
				ASSETCATALOG_COMPILER_APPICON_NAME = AppIcon;
				ASSETCATALOG_COMPILER_GLOBAL_ACCENT_COLOR_NAME = AccentColor;
				CODE_SIGN_STYLE = Automatic;
				CURRENT_PROJECT_VERSION = 1;
				DEVELOPMENT_TEAM = 3TU663K6SL;
				GENERATE_INFOPLIST_FILE = YES;
				INFOPLIST_FILE = HIMYM/Info.plist;
				INFOPLIST_KEY_UIApplicationSupportsIndirectInputEvents = YES;
				INFOPLIST_KEY_UILaunchStoryboardName = LaunchScreen;
				INFOPLIST_KEY_UIMainStoryboardFile = Main;
				INFOPLIST_KEY_UISupportedInterfaceOrientations_iPad = "UIInterfaceOrientationPortrait UIInterfaceOrientationPortraitUpsideDown UIInterfaceOrientationLandscapeLeft UIInterfaceOrientationLandscapeRight";
				INFOPLIST_KEY_UISupportedInterfaceOrientations_iPhone = "UIInterfaceOrientationPortrait UIInterfaceOrientationLandscapeLeft UIInterfaceOrientationLandscapeRight";
				LD_RUNPATH_SEARCH_PATHS = (
					"$(inherited)",
					"@executable_path/Frameworks",
				);
				MARKETING_VERSION = 1.0;
				PRODUCT_BUNDLE_IDENTIFIER = com.semihekmen.HIMYM;
				PRODUCT_NAME = "$(TARGET_NAME)";
				SWIFT_EMIT_LOC_STRINGS = YES;
				SWIFT_VERSION = 5.0;
				TARGETED_DEVICE_FAMILY = "1,2";
			};
			name = Debug;
		};
		99530CED2A549B4100AEB796 /* Release */ = {
			isa = XCBuildConfiguration;
			buildSettings = {
				ASSETCATALOG_COMPILER_APPICON_NAME = AppIcon;
				ASSETCATALOG_COMPILER_GLOBAL_ACCENT_COLOR_NAME = AccentColor;
				CODE_SIGN_STYLE = Automatic;
				CURRENT_PROJECT_VERSION = 1;
				DEVELOPMENT_TEAM = 3TU663K6SL;
				GENERATE_INFOPLIST_FILE = YES;
				INFOPLIST_FILE = HIMYM/Info.plist;
				INFOPLIST_KEY_UIApplicationSupportsIndirectInputEvents = YES;
				INFOPLIST_KEY_UILaunchStoryboardName = LaunchScreen;
				INFOPLIST_KEY_UIMainStoryboardFile = Main;
				INFOPLIST_KEY_UISupportedInterfaceOrientations_iPad = "UIInterfaceOrientationPortrait UIInterfaceOrientationPortraitUpsideDown UIInterfaceOrientationLandscapeLeft UIInterfaceOrientationLandscapeRight";
				INFOPLIST_KEY_UISupportedInterfaceOrientations_iPhone = "UIInterfaceOrientationPortrait UIInterfaceOrientationLandscapeLeft UIInterfaceOrientationLandscapeRight";
				LD_RUNPATH_SEARCH_PATHS = (
					"$(inherited)",
					"@executable_path/Frameworks",
				);
				MARKETING_VERSION = 1.0;
				PRODUCT_BUNDLE_IDENTIFIER = com.semihekmen.HIMYM;
				PRODUCT_NAME = "$(TARGET_NAME)";
				SWIFT_EMIT_LOC_STRINGS = YES;
				SWIFT_VERSION = 5.0;
				TARGETED_DEVICE_FAMILY = "1,2";
			};
			name = Release;
		};
/* End XCBuildConfiguration section */

/* Begin XCConfigurationList section */
		99530CD22A549B4000AEB796 /* Build configuration list for PBXProject "HIMYM" */ = {
			isa = XCConfigurationList;
			buildConfigurations = (
				99530CE92A549B4100AEB796 /* Debug */,
				99530CEA2A549B4100AEB796 /* Release */,
			);
			defaultConfigurationIsVisible = 0;
			defaultConfigurationName = Release;
		};
		99530CEB2A549B4100AEB796 /* Build configuration list for PBXNativeTarget "HIMYM" */ = {
			isa = XCConfigurationList;
			buildConfigurations = (
				99530CEC2A549B4100AEB796 /* Debug */,
				99530CED2A549B4100AEB796 /* Release */,
			);
			defaultConfigurationIsVisible = 0;
			defaultConfigurationName = Release;
		};
/* End XCConfigurationList section */
	};
	rootObject = 99530CCF2A549B4000AEB796 /* Project object */;
}
